// !$*UTF8*$!
{
	archiveVersion = 1;
	classes = {
	};
	objectVersion = 56;
	objects = {

/* Begin PBXBuildFile section */
		2B95C29A2CB74B670054F7E7 /* Group05_Nature_WalkApp.swift in Sources */ = {isa = PBXBuildFile; fileRef = 2B95C2992CB74B670054F7E7 /* Group05_Nature_WalkApp.swift */; };
		2B95C29C2CB74B670054F7E7 /* ContentView.swift in Sources */ = {isa = PBXBuildFile; fileRef = 2B95C29B2CB74B670054F7E7 /* ContentView.swift */; };
		2B95C29E2CB74B680054F7E7 /* Assets.xcassets in Resources */ = {isa = PBXBuildFile; fileRef = 2B95C29D2CB74B680054F7E7 /* Assets.xcassets */; };
		2B95C2A12CB74B680054F7E7 /* Preview Assets.xcassets in Resources */ = {isa = PBXBuildFile; fileRef = 2B95C2A02CB74B680054F7E7 /* Preview Assets.xcassets */; };
		2B95C2A92CB74CE40054F7E7 /* User.swift in Sources */ = {isa = PBXBuildFile; fileRef = 2B95C2A82CB74CE40054F7E7 /* User.swift */; };
		2B95C2AB2CB74D5E0054F7E7 /* Session.swift in Sources */ = {isa = PBXBuildFile; fileRef = 2B95C2AA2CB74D5E0054F7E7 /* Session.swift */; };
		2B95C2AD2CB74D950054F7E7 /* SessionList.swift in Sources */ = {isa = PBXBuildFile; fileRef = 2B95C2AC2CB74D950054F7E7 /* SessionList.swift */; };
		2B95C2B02CB74DC10054F7E7 /* LoginManager.swift in Sources */ = {isa = PBXBuildFile; fileRef = 2B95C2AF2CB74DC10054F7E7 /* LoginManager.swift */; };
		2B95C2B22CB74DD60054F7E7 /* FavoritesManager.swift in Sources */ = {isa = PBXBuildFile; fileRef = 2B95C2B12CB74DD60054F7E7 /* FavoritesManager.swift */; };
		2B95C2B42CB74DE80054F7E7 /* PersistenceManager.swift in Sources */ = {isa = PBXBuildFile; fileRef = 2B95C2B32CB74DE80054F7E7 /* PersistenceManager.swift */; };
		2B95C2BD2CB778630054F7E7 /* SessionsListScreen.swift in Sources */ = {isa = PBXBuildFile; fileRef = 2B95C2BC2CB778630054F7E7 /* SessionsListScreen.swift */; };
		2B95C2C12CB778A90054F7E7 /* LoginScreen.swift in Sources */ = {isa = PBXBuildFile; fileRef = 2B95C2C02CB778A90054F7E7 /* LoginScreen.swift */; };
		2B95C2C52CB778EF0054F7E7 /* SessionDetailsScreen.swift in Sources */ = {isa = PBXBuildFile; fileRef = 2B95C2C42CB778EF0054F7E7 /* SessionDetailsScreen.swift */; };
		2B95C2C72CB779080054F7E7 /* FavoritesListScreen.swift in Sources */ = {isa = PBXBuildFile; fileRef = 2B95C2C62CB779080054F7E7 /* FavoritesListScreen.swift */; };
		2B95C2F52CB8D2B10054F7E7 /* HomeScreen.swift in Sources */ = {isa = PBXBuildFile; fileRef = 2B95C2F42CB8D2B10054F7E7 /* HomeScreen.swift */; };
/* End PBXBuildFile section */

/* Begin PBXFileReference section */
		2B95C2962CB74B670054F7E7 /* Group05_Nature-Walk.app */ = {isa = PBXFileReference; explicitFileType = wrapper.application; includeInIndex = 0; path = "Group05_Nature-Walk.app"; sourceTree = BUILT_PRODUCTS_DIR; };
		2B95C2992CB74B670054F7E7 /* Group05_Nature_WalkApp.swift */ = {isa = PBXFileReference; lastKnownFileType = sourcecode.swift; path = Group05_Nature_WalkApp.swift; sourceTree = "<group>"; };
		2B95C29B2CB74B670054F7E7 /* ContentView.swift */ = {isa = PBXFileReference; lastKnownFileType = sourcecode.swift; path = ContentView.swift; sourceTree = "<group>"; };
		2B95C29D2CB74B680054F7E7 /* Assets.xcassets */ = {isa = PBXFileReference; lastKnownFileType = folder.assetcatalog; path = Assets.xcassets; sourceTree = "<group>"; };
		2B95C2A02CB74B680054F7E7 /* Preview Assets.xcassets */ = {isa = PBXFileReference; lastKnownFileType = folder.assetcatalog; path = "Preview Assets.xcassets"; sourceTree = "<group>"; };
		2B95C2A82CB74CE40054F7E7 /* User.swift */ = {isa = PBXFileReference; lastKnownFileType = sourcecode.swift; path = User.swift; sourceTree = "<group>"; };
		2B95C2AA2CB74D5E0054F7E7 /* Session.swift */ = {isa = PBXFileReference; lastKnownFileType = sourcecode.swift; path = Session.swift; sourceTree = "<group>"; };
		2B95C2AC2CB74D950054F7E7 /* SessionList.swift */ = {isa = PBXFileReference; lastKnownFileType = sourcecode.swift; path = SessionList.swift; sourceTree = "<group>"; };
		2B95C2AF2CB74DC10054F7E7 /* LoginManager.swift */ = {isa = PBXFileReference; lastKnownFileType = sourcecode.swift; path = LoginManager.swift; sourceTree = "<group>"; };
		2B95C2B12CB74DD60054F7E7 /* FavoritesManager.swift */ = {isa = PBXFileReference; lastKnownFileType = sourcecode.swift; path = FavoritesManager.swift; sourceTree = "<group>"; };
		2B95C2B32CB74DE80054F7E7 /* PersistenceManager.swift */ = {isa = PBXFileReference; lastKnownFileType = sourcecode.swift; path = PersistenceManager.swift; sourceTree = "<group>"; };
		2B95C2BC2CB778630054F7E7 /* SessionsListScreen.swift */ = {isa = PBXFileReference; lastKnownFileType = sourcecode.swift; path = SessionsListScreen.swift; sourceTree = "<group>"; };
		2B95C2C02CB778A90054F7E7 /* LoginScreen.swift */ = {isa = PBXFileReference; lastKnownFileType = sourcecode.swift; path = LoginScreen.swift; sourceTree = "<group>"; };
		2B95C2C42CB778EF0054F7E7 /* SessionDetailsScreen.swift */ = {isa = PBXFileReference; lastKnownFileType = sourcecode.swift; path = SessionDetailsScreen.swift; sourceTree = "<group>"; };
		2B95C2C62CB779080054F7E7 /* FavoritesListScreen.swift */ = {isa = PBXFileReference; lastKnownFileType = sourcecode.swift; path = FavoritesListScreen.swift; sourceTree = "<group>"; };
		2B95C2F42CB8D2B10054F7E7 /* HomeScreen.swift */ = {isa = PBXFileReference; lastKnownFileType = sourcecode.swift; path = HomeScreen.swift; sourceTree = "<group>"; };
/* End PBXFileReference section */

/* Begin PBXFrameworksBuildPhase section */
		2B95C2932CB74B670054F7E7 /* Frameworks */ = {
			isa = PBXFrameworksBuildPhase;
			buildActionMask = 2147483647;
			files = (
			);
			runOnlyForDeploymentPostprocessing = 0;
		};
/* End PBXFrameworksBuildPhase section */

/* Begin PBXGroup section */
		2B95C28D2CB74B670054F7E7 = {
			isa = PBXGroup;
			children = (
				2B95C2982CB74B670054F7E7 /* Group05_Nature-Walk */,
				2B95C2972CB74B670054F7E7 /* Products */,
			);
			sourceTree = "<group>";
		};
		2B95C2972CB74B670054F7E7 /* Products */ = {
			isa = PBXGroup;
			children = (
				2B95C2962CB74B670054F7E7 /* Group05_Nature-Walk.app */,
			);
			name = Products;
			sourceTree = "<group>";
		};
		2B95C2982CB74B670054F7E7 /* Group05_Nature-Walk */ = {
			isa = PBXGroup;
			children = (
				2B95C2B52CB74F710054F7E7 /* Views */,
				2B95C2AE2CB74DA80054F7E7 /* Utils */,
				2B95C2A72CB74CB00054F7E7 /* Models */,
				2B95C2992CB74B670054F7E7 /* Group05_Nature_WalkApp.swift */,
				2B95C29B2CB74B670054F7E7 /* ContentView.swift */,
				2B95C29D2CB74B680054F7E7 /* Assets.xcassets */,
				2B95C29F2CB74B680054F7E7 /* Preview Content */,
			);
			path = "Group05_Nature-Walk";
			sourceTree = "<group>";
		};
		2B95C29F2CB74B680054F7E7 /* Preview Content */ = {
			isa = PBXGroup;
			children = (
				2B95C2A02CB74B680054F7E7 /* Preview Assets.xcassets */,
			);
			path = "Preview Content";
			sourceTree = "<group>";
		};
		2B95C2A72CB74CB00054F7E7 /* Models */ = {
			isa = PBXGroup;
			children = (
				2B95C2A82CB74CE40054F7E7 /* User.swift */,
				2B95C2AA2CB74D5E0054F7E7 /* Session.swift */,
				2B95C2AC2CB74D950054F7E7 /* SessionList.swift */,
			);
			path = Models;
			sourceTree = "<group>";
		};
		2B95C2AE2CB74DA80054F7E7 /* Utils */ = {
			isa = PBXGroup;
			children = (
				2B95C2AF2CB74DC10054F7E7 /* LoginManager.swift */,
				2B95C2B12CB74DD60054F7E7 /* FavoritesManager.swift */,
				2B95C2B32CB74DE80054F7E7 /* PersistenceManager.swift */,
			);
			path = Utils;
			sourceTree = "<group>";
		};
		2B95C2B52CB74F710054F7E7 /* Views */ = {
			isa = PBXGroup;
			children = (
				2B95C2C02CB778A90054F7E7 /* LoginScreen.swift */,
				2B95C2F42CB8D2B10054F7E7 /* HomeScreen.swift */,
				2B95C2BC2CB778630054F7E7 /* SessionsListScreen.swift */,
				2B95C2C62CB779080054F7E7 /* FavoritesListScreen.swift */,
				2B95C2C42CB778EF0054F7E7 /* SessionDetailsScreen.swift */,
			);
			path = Views;
			sourceTree = "<group>";
		};
/* End PBXGroup section */

/* Begin PBXNativeTarget section */
		2B95C2952CB74B670054F7E7 /* Group05_Nature-Walk */ = {
			isa = PBXNativeTarget;
			buildConfigurationList = 2B95C2A42CB74B680054F7E7 /* Build configuration list for PBXNativeTarget "Group05_Nature-Walk" */;
			buildPhases = (
				2B95C2922CB74B670054F7E7 /* Sources */,
				2B95C2932CB74B670054F7E7 /* Frameworks */,
				2B95C2942CB74B670054F7E7 /* Resources */,
			);
			buildRules = (
			);
			dependencies = (
			);
			name = "Group05_Nature-Walk";
			productName = "Group05_Nature-Walk";
			productReference = 2B95C2962CB74B670054F7E7 /* Group05_Nature-Walk.app */;
			productType = "com.apple.product-type.application";
		};
/* End PBXNativeTarget section */

/* Begin PBXProject section */
		2B95C28E2CB74B670054F7E7 /* Project object */ = {
			isa = PBXProject;
			attributes = {
				BuildIndependentTargetsInParallel = 1;
				LastSwiftUpdateCheck = 1540;
				LastUpgradeCheck = 1540;
				TargetAttributes = {
					2B95C2952CB74B670054F7E7 = {
						CreatedOnToolsVersion = 15.4;
					};
				};
			};
			buildConfigurationList = 2B95C2912CB74B670054F7E7 /* Build configuration list for PBXProject "Group05_Nature-Walk" */;
			compatibilityVersion = "Xcode 14.0";
			developmentRegion = en;
			hasScannedForEncodings = 0;
			knownRegions = (
				en,
				Base,
			);
			mainGroup = 2B95C28D2CB74B670054F7E7;
			productRefGroup = 2B95C2972CB74B670054F7E7 /* Products */;
			projectDirPath = "";
			projectRoot = "";
			targets = (
				2B95C2952CB74B670054F7E7 /* Group05_Nature-Walk */,
			);
		};
/* End PBXProject section */

/* Begin PBXResourcesBuildPhase section */
		2B95C2942CB74B670054F7E7 /* Resources */ = {
			isa = PBXResourcesBuildPhase;
			buildActionMask = 2147483647;
			files = (
				2B95C2A12CB74B680054F7E7 /* Preview Assets.xcassets in Resources */,
				2B95C29E2CB74B680054F7E7 /* Assets.xcassets in Resources */,
			);
			runOnlyForDeploymentPostprocessing = 0;
		};
/* End PBXResourcesBuildPhase section */

/* Begin PBXSourcesBuildPhase section */
		2B95C2922CB74B670054F7E7 /* Sources */ = {
			isa = PBXSourcesBuildPhase;
			buildActionMask = 2147483647;
			files = (
				2B95C2AB2CB74D5E0054F7E7 /* Session.swift in Sources */,
				2B95C2AD2CB74D950054F7E7 /* SessionList.swift in Sources */,
				2B95C29C2CB74B670054F7E7 /* ContentView.swift in Sources */,
				2B95C2B42CB74DE80054F7E7 /* PersistenceManager.swift in Sources */,
				2B95C2B22CB74DD60054F7E7 /* FavoritesManager.swift in Sources */,
				2B95C29A2CB74B670054F7E7 /* Group05_Nature_WalkApp.swift in Sources */,
				2B95C2F52CB8D2B10054F7E7 /* HomeScreen.swift in Sources */,
				2B95C2A92CB74CE40054F7E7 /* User.swift in Sources */,
				2B95C2BD2CB778630054F7E7 /* SessionsListScreen.swift in Sources */,
				2B95C2C12CB778A90054F7E7 /* LoginScreen.swift in Sources */,
				2B95C2C52CB778EF0054F7E7 /* SessionDetailsScreen.swift in Sources */,
				2B95C2B02CB74DC10054F7E7 /* LoginManager.swift in Sources */,
				2B95C2C72CB779080054F7E7 /* FavoritesListScreen.swift in Sources */,
			);
			runOnlyForDeploymentPostprocessing = 0;
		};
/* End PBXSourcesBuildPhase section */

/* Begin XCBuildConfiguration section */
		2B95C2A22CB74B680054F7E7 /* Debug */ = {
			isa = XCBuildConfiguration;
			buildSettings = {
				ALWAYS_SEARCH_USER_PATHS = NO;
				ASSETCATALOG_COMPILER_GENERATE_SWIFT_ASSET_SYMBOL_EXTENSIONS = YES;
				CLANG_ANALYZER_NONNULL = YES;
				CLANG_ANALYZER_NUMBER_OBJECT_CONVERSION = YES_AGGRESSIVE;
				CLANG_CXX_LANGUAGE_STANDARD = "gnu++20";
				CLANG_ENABLE_MODULES = YES;
				CLANG_ENABLE_OBJC_ARC = YES;
				CLANG_ENABLE_OBJC_WEAK = YES;
				CLANG_WARN_BLOCK_CAPTURE_AUTORELEASING = YES;
				CLANG_WARN_BOOL_CONVERSION = YES;
				CLANG_WARN_COMMA = YES;
				CLANG_WARN_CONSTANT_CONVERSION = YES;
				CLANG_WARN_DEPRECATED_OBJC_IMPLEMENTATIONS = YES;
				CLANG_WARN_DIRECT_OBJC_ISA_USAGE = YES_ERROR;
				CLANG_WARN_DOCUMENTATION_COMMENTS = YES;
				CLANG_WARN_EMPTY_BODY = YES;
				CLANG_WARN_ENUM_CONVERSION = YES;
				CLANG_WARN_INFINITE_RECURSION = YES;
				CLANG_WARN_INT_CONVERSION = YES;
				CLANG_WARN_NON_LITERAL_NULL_CONVERSION = YES;
				CLANG_WARN_OBJC_IMPLICIT_RETAIN_SELF = YES;
				CLANG_WARN_OBJC_LITERAL_CONVERSION = YES;
				CLANG_WARN_OBJC_ROOT_CLASS = YES_ERROR;
				CLANG_WARN_QUOTED_INCLUDE_IN_FRAMEWORK_HEADER = YES;
				CLANG_WARN_RANGE_LOOP_ANALYSIS = YES;
				CLANG_WARN_STRICT_PROTOTYPES = YES;
				CLANG_WARN_SUSPICIOUS_MOVE = YES;
				CLANG_WARN_UNGUARDED_AVAILABILITY = YES_AGGRESSIVE;
				CLANG_WARN_UNREACHABLE_CODE = YES;
				CLANG_WARN__DUPLICATE_METHOD_MATCH = YES;
				COPY_PHASE_STRIP = NO;
				DEBUG_INFORMATION_FORMAT = dwarf;
				ENABLE_STRICT_OBJC_MSGSEND = YES;
				ENABLE_TESTABILITY = YES;
				ENABLE_USER_SCRIPT_SANDBOXING = YES;
				GCC_C_LANGUAGE_STANDARD = gnu17;
				GCC_DYNAMIC_NO_PIC = NO;
				GCC_NO_COMMON_BLOCKS = YES;
				GCC_OPTIMIZATION_LEVEL = 0;
				GCC_PREPROCESSOR_DEFINITIONS = (
					"DEBUG=1",
					"$(inherited)",
				);
				GCC_WARN_64_TO_32_BIT_CONVERSION = YES;
				GCC_WARN_ABOUT_RETURN_TYPE = YES_ERROR;
				GCC_WARN_UNDECLARED_SELECTOR = YES;
				GCC_WARN_UNINITIALIZED_AUTOS = YES_AGGRESSIVE;
				GCC_WARN_UNUSED_FUNCTION = YES;
				GCC_WARN_UNUSED_VARIABLE = YES;
				IPHONEOS_DEPLOYMENT_TARGET = 17.5;
				LOCALIZATION_PREFERS_STRING_CATALOGS = YES;
				MTL_ENABLE_DEBUG_INFO = INCLUDE_SOURCE;
				MTL_FAST_MATH = YES;
				ONLY_ACTIVE_ARCH = YES;
				SDKROOT = iphoneos;
				SWIFT_ACTIVE_COMPILATION_CONDITIONS = "DEBUG $(inherited)";
				SWIFT_OPTIMIZATION_LEVEL = "-Onone";
			};
			name = Debug;
		};
		2B95C2A32CB74B680054F7E7 /* Release */ = {
			isa = XCBuildConfiguration;
			buildSettings = {
				ALWAYS_SEARCH_USER_PATHS = NO;
				ASSETCATALOG_COMPILER_GENERATE_SWIFT_ASSET_SYMBOL_EXTENSIONS = YES;
				CLANG_ANALYZER_NONNULL = YES;
				CLANG_ANALYZER_NUMBER_OBJECT_CONVERSION = YES_AGGRESSIVE;
				CLANG_CXX_LANGUAGE_STANDARD = "gnu++20";
				CLANG_ENABLE_MODULES = YES;
				CLANG_ENABLE_OBJC_ARC = YES;
				CLANG_ENABLE_OBJC_WEAK = YES;
				CLANG_WARN_BLOCK_CAPTURE_AUTORELEASING = YES;
				CLANG_WARN_BOOL_CONVERSION = YES;
				CLANG_WARN_COMMA = YES;
				CLANG_WARN_CONSTANT_CONVERSION = YES;
				CLANG_WARN_DEPRECATED_OBJC_IMPLEMENTATIONS = YES;
				CLANG_WARN_DIRECT_OBJC_ISA_USAGE = YES_ERROR;
				CLANG_WARN_DOCUMENTATION_COMMENTS = YES;
				CLANG_WARN_EMPTY_BODY = YES;
				CLANG_WARN_ENUM_CONVERSION = YES;
				CLANG_WARN_INFINITE_RECURSION = YES;
				CLANG_WARN_INT_CONVERSION = YES;
				CLANG_WARN_NON_LITERAL_NULL_CONVERSION = YES;
				CLANG_WARN_OBJC_IMPLICIT_RETAIN_SELF = YES;
				CLANG_WARN_OBJC_LITERAL_CONVERSION = YES;
				CLANG_WARN_OBJC_ROOT_CLASS = YES_ERROR;
				CLANG_WARN_QUOTED_INCLUDE_IN_FRAMEWORK_HEADER = YES;
				CLANG_WARN_RANGE_LOOP_ANALYSIS = YES;
				CLANG_WARN_STRICT_PROTOTYPES = YES;
				CLANG_WARN_SUSPICIOUS_MOVE = YES;
				CLANG_WARN_UNGUARDED_AVAILABILITY = YES_AGGRESSIVE;
				CLANG_WARN_UNREACHABLE_CODE = YES;
				CLANG_WARN__DUPLICATE_METHOD_MATCH = YES;
				COPY_PHASE_STRIP = NO;
				DEBUG_INFORMATION_FORMAT = "dwarf-with-dsym";
				ENABLE_NS_ASSERTIONS = NO;
				ENABLE_STRICT_OBJC_MSGSEND = YES;
				ENABLE_USER_SCRIPT_SANDBOXING = YES;
				GCC_C_LANGUAGE_STANDARD = gnu17;
				GCC_NO_COMMON_BLOCKS = YES;
				GCC_WARN_64_TO_32_BIT_CONVERSION = YES;
				GCC_WARN_ABOUT_RETURN_TYPE = YES_ERROR;
				GCC_WARN_UNDECLARED_SELECTOR = YES;
				GCC_WARN_UNINITIALIZED_AUTOS = YES_AGGRESSIVE;
				GCC_WARN_UNUSED_FUNCTION = YES;
				GCC_WARN_UNUSED_VARIABLE = YES;
				IPHONEOS_DEPLOYMENT_TARGET = 17.5;
				LOCALIZATION_PREFERS_STRING_CATALOGS = YES;
				MTL_ENABLE_DEBUG_INFO = NO;
				MTL_FAST_MATH = YES;
				SDKROOT = iphoneos;
				SWIFT_COMPILATION_MODE = wholemodule;
				VALIDATE_PRODUCT = YES;
			};
			name = Release;
		};
		2B95C2A52CB74B680054F7E7 /* Debug */ = {
			isa = XCBuildConfiguration;
			buildSettings = {
				ASSETCATALOG_COMPILER_APPICON_NAME = AppIcon;
				ASSETCATALOG_COMPILER_GLOBAL_ACCENT_COLOR_NAME = AccentColor;
				CODE_SIGN_STYLE = Automatic;
				CURRENT_PROJECT_VERSION = 1;
				DEVELOPMENT_ASSET_PATHS = "\"Group05_Nature-Walk/Preview Content\"";
				DEVELOPMENT_TEAM = PF99CJ3F88;
				ENABLE_PREVIEWS = YES;
				GENERATE_INFOPLIST_FILE = YES;
				INFOPLIST_KEY_UIApplicationSceneManifest_Generation = YES;
				INFOPLIST_KEY_UIApplicationSupportsIndirectInputEvents = YES;
				INFOPLIST_KEY_UILaunchScreen_Generation = YES;
				INFOPLIST_KEY_UISupportedInterfaceOrientations_iPad = "UIInterfaceOrientationPortrait UIInterfaceOrientationPortraitUpsideDown UIInterfaceOrientationLandscapeLeft UIInterfaceOrientationLandscapeRight";
				INFOPLIST_KEY_UISupportedInterfaceOrientations_iPhone = "UIInterfaceOrientationPortrait UIInterfaceOrientationLandscapeLeft UIInterfaceOrientationLandscapeRight";
				LD_RUNPATH_SEARCH_PATHS = (
					"$(inherited)",
					"@executable_path/Frameworks",
				);
				MARKETING_VERSION = 1.0;
				PRODUCT_BUNDLE_IDENTIFIER = "com.group05naturewalk.Group05-Nature-Walk";
				PRODUCT_NAME = "$(TARGET_NAME)";
				SWIFT_EMIT_LOC_STRINGS = YES;
				SWIFT_VERSION = 5.0;
				TARGETED_DEVICE_FAMILY = "1,2";
			};
			name = Debug;
		};
		2B95C2A62CB74B680054F7E7 /* Release */ = {
			isa = XCBuildConfiguration;
			buildSettings = {
				ASSETCATALOG_COMPILER_APPICON_NAME = AppIcon;
				ASSETCATALOG_COMPILER_GLOBAL_ACCENT_COLOR_NAME = AccentColor;
				CODE_SIGN_STYLE = Automatic;
				CURRENT_PROJECT_VERSION = 1;
				DEVELOPMENT_ASSET_PATHS = "\"Group05_Nature-Walk/Preview Content\"";
				DEVELOPMENT_TEAM = PF99CJ3F88;
				ENABLE_PREVIEWS = YES;
				GENERATE_INFOPLIST_FILE = YES;
				INFOPLIST_KEY_UIApplicationSceneManifest_Generation = YES;
				INFOPLIST_KEY_UIApplicationSupportsIndirectInputEvents = YES;
				INFOPLIST_KEY_UILaunchScreen_Generation = YES;
				INFOPLIST_KEY_UISupportedInterfaceOrientations_iPad = "UIInterfaceOrientationPortrait UIInterfaceOrientationPortraitUpsideDown UIInterfaceOrientationLandscapeLeft UIInterfaceOrientationLandscapeRight";
				INFOPLIST_KEY_UISupportedInterfaceOrientations_iPhone = "UIInterfaceOrientationPortrait UIInterfaceOrientationLandscapeLeft UIInterfaceOrientationLandscapeRight";
				LD_RUNPATH_SEARCH_PATHS = (
					"$(inherited)",
					"@executable_path/Frameworks",
				);
				MARKETING_VERSION = 1.0;
				PRODUCT_BUNDLE_IDENTIFIER = "com.group05naturewalk.Group05-Nature-Walk";
				PRODUCT_NAME = "$(TARGET_NAME)";
				SWIFT_EMIT_LOC_STRINGS = YES;
				SWIFT_VERSION = 5.0;
				TARGETED_DEVICE_FAMILY = "1,2";
			};
			name = Release;
		};
/* End XCBuildConfiguration section */

/* Begin XCConfigurationList section */
		2B95C2912CB74B670054F7E7 /* Build configuration list for PBXProject "Group05_Nature-Walk" */ = {
			isa = XCConfigurationList;
			buildConfigurations = (
				2B95C2A22CB74B680054F7E7 /* Debug */,
				2B95C2A32CB74B680054F7E7 /* Release */,
			);
			defaultConfigurationIsVisible = 0;
			defaultConfigurationName = Release;
		};
		2B95C2A42CB74B680054F7E7 /* Build configuration list for PBXNativeTarget "Group05_Nature-Walk" */ = {
			isa = XCConfigurationList;
			buildConfigurations = (
				2B95C2A52CB74B680054F7E7 /* Debug */,
				2B95C2A62CB74B680054F7E7 /* Release */,
			);
			defaultConfigurationIsVisible = 0;
			defaultConfigurationName = Release;
		};
/* End XCConfigurationList section */
	};
	rootObject = 2B95C28E2CB74B670054F7E7 /* Project object */;
}
